# generated by rye
# use `rye lock` or `rye sync` to update this lockfile
#
# last locked with the following flags:
#   pre: false
#   features: []
#   all-features: false
#   with-sources: false
#   generate-hashes: false
#   universal: false

-e file:.
graphviz==0.20.3
    # via dfalib
numpy==2.2.3
    # via dfalib
regex==2024.11.6
    # via dfalib
rstr==3.2.2
    # via dfalib
tqdm==4.67.1
    # via dfalib
