
Microsoft Visual Studio Solution File, Format Version 12.00
# Visual Studio 14
VisualStudioVersion = 14.0.25420.1
MinimumVisualStudioVersion = 10.0.40219.1
Project("{8BC9CEB8-8B4A-11D0-8D11-00A0C91BC942}") = "dfalib", "dfalib\dfalib.vcxproj", "{A349C7F6-87EB-473B-AB7D-16B91DFCE386}"
EndProject
Project("{8BC9CEB8-8B4A-11D0-8D11-00A0C91BC942}") = "testmod", "testmod\testmod.vcxproj", "{8C8D29D8-C987-4CA3-B366-82A09C812C79}"
	ProjectSection(ProjectDependencies) = postProject
		{A349C7F6-87EB-473B-AB7D-16B91DFCE386} = {A349C7F6-87EB-473B-AB7D-16B91DFCE386}
	EndProjectSection
EndProject
Global
	GlobalSection(SolutionConfigurationPlatforms) = preSolution
		Debug|x64 = Debug|x64
		Debug|x86 = Debug|x86
		Release|x64 = Release|x64
		Release|x86 = Release|x86
	EndGlobalSection
	GlobalSection(ProjectConfigurationPlatforms) = postSolution
		{A349C7F6-87EB-473B-AB7D-16B91DFCE386}.Debug|x64.ActiveCfg = Debug|x64
		{A349C7F6-87EB-473B-AB7D-16B91DFCE386}.Debug|x64.Build.0 = Debug|x64
		{A349C7F6-87EB-473B-AB7D-16B91DFCE386}.Debug|x86.ActiveCfg = Debug|Win32
		{A349C7F6-87EB-473B-AB7D-16B91DFCE386}.Debug|x86.Build.0 = Debug|Win32
		{A349C7F6-87EB-473B-AB7D-16B91DFCE386}.Release|x64.ActiveCfg = Release|x64
		{A349C7F6-87EB-473B-AB7D-16B91DFCE386}.Release|x64.Build.0 = Release|x64
		{A349C7F6-87EB-473B-AB7D-16B91DFCE386}.Release|x86.ActiveCfg = Release|Win32
		{A349C7F6-87EB-473B-AB7D-16B91DFCE386}.Release|x86.Build.0 = Release|Win32
		{8C8D29D8-C987-4CA3-B366-82A09C812C79}.Debug|x64.ActiveCfg = Debug|x64
		{8C8D29D8-C987-4CA3-B366-82A09C812C79}.Debug|x64.Build.0 = Debug|x64
		{8C8D29D8-C987-4CA3-B366-82A09C812C79}.Debug|x86.ActiveCfg = Debug|Win32
		{8C8D29D8-C987-4CA3-B366-82A09C812C79}.Debug|x86.Build.0 = Debug|Win32
		{8C8D29D8-C987-4CA3-B366-82A09C812C79}.Release|x64.ActiveCfg = Release|x64
		{8C8D29D8-C987-4CA3-B366-82A09C812C79}.Release|x64.Build.0 = Release|x64
		{8C8D29D8-C987-4CA3-B366-82A09C812C79}.Release|x86.ActiveCfg = Release|Win32
		{8C8D29D8-C987-4CA3-B366-82A09C812C79}.Release|x86.Build.0 = Release|Win32
	EndGlobalSection
	GlobalSection(SolutionProperties) = preSolution
		HideSolutionNode = FALSE
	EndGlobalSection
EndGlobal
